// !$*UTF8*$!
{
	archiveVersion = 1;
	classes = {
	};
	objectVersion = 56;
	objects = {

/* Begin PBXBuildFile section */
		205A907E2C6EF355001D9BB5 /* VentanaModals.swift in Sources */ = {isa = PBXBuildFile; fileRef = 205A907D2C6EF355001D9BB5 /* VentanaModals.swift */; };
		205A90802C6F0A4B001D9BB5 /* SegundaVista.swift in Sources */ = {isa = PBXBuildFile; fileRef = 205A907F2C6F0A4B001D9BB5 /* SegundaVista.swift */; };
		205A90822C6F0C74001D9BB5 /* TercerVista.swift in Sources */ = {isa = PBXBuildFile; fileRef = 205A90812C6F0C74001D9BB5 /* TercerVista.swift */; };
		20669AA82C73E40C00955254 /* Models.swift in Sources */ = {isa = PBXBuildFile; fileRef = 20669AA72C73E40C00955254 /* Models.swift */; };
		20669AAA2C74042200955254 /* VistaDetalle.swift in Sources */ = {isa = PBXBuildFile; fileRef = 20669AA92C74042200955254 /* VistaDetalle.swift */; };
		20669AAC2C741E4400955254 /* GridsList.swift in Sources */ = {isa = PBXBuildFile; fileRef = 20669AAB2C741E4400955254 /* GridsList.swift */; };
		20B66A8C2C5EEE2F005F8DFA /* AprendiendoSwiftUIApp.swift in Sources */ = {isa = PBXBuildFile; fileRef = 20B66A8B2C5EEE2F005F8DFA /* AprendiendoSwiftUIApp.swift */; };
		20B66A8E2C5EEE2F005F8DFA /* ContentView.swift in Sources */ = {isa = PBXBuildFile; fileRef = 20B66A8D2C5EEE2F005F8DFA /* ContentView.swift */; };
		20B66A902C5EEE30005F8DFA /* Assets.xcassets in Resources */ = {isa = PBXBuildFile; fileRef = 20B66A8F2C5EEE30005F8DFA /* Assets.xcassets */; };
		20B66A932C5EEE30005F8DFA /* Preview Assets.xcassets in Resources */ = {isa = PBXBuildFile; fileRef = 20B66A922C5EEE30005F8DFA /* Preview Assets.xcassets */; };
		20B66A9D2C5EEE30005F8DFA /* AprendiendoSwiftUITests.swift in Sources */ = {isa = PBXBuildFile; fileRef = 20B66A9C2C5EEE30005F8DFA /* AprendiendoSwiftUITests.swift */; };
		20B66AA72C5EEE30005F8DFA /* AprendiendoSwiftUIUITests.swift in Sources */ = {isa = PBXBuildFile; fileRef = 20B66AA62C5EEE30005F8DFA /* AprendiendoSwiftUIUITests.swift */; };
		20B66AA92C5EEE30005F8DFA /* AprendiendoSwiftUIUITestsLaunchTests.swift in Sources */ = {isa = PBXBuildFile; fileRef = 20B66AA82C5EEE30005F8DFA /* AprendiendoSwiftUIUITestsLaunchTests.swift */; };
		20F0629F2C6FE320005F5B10 /* TabViewMain.swift in Sources */ = {isa = PBXBuildFile; fileRef = 20F0629E2C6FE320005F5B10 /* TabViewMain.swift */; };
		20F062A12C6FE341005F5B10 /* Vista2.swift in Sources */ = {isa = PBXBuildFile; fileRef = 20F062A02C6FE341005F5B10 /* Vista2.swift */; };
/* End PBXBuildFile section */

/* Begin PBXContainerItemProxy section */
		20B66A992C5EEE30005F8DFA /* PBXContainerItemProxy */ = {
			isa = PBXContainerItemProxy;
			containerPortal = 20B66A802C5EEE2F005F8DFA /* Project object */;
			proxyType = 1;
			remoteGlobalIDString = 20B66A872C5EEE2F005F8DFA;
			remoteInfo = AprendiendoSwiftUI;
		};
		20B66AA32C5EEE30005F8DFA /* PBXContainerItemProxy */ = {
			isa = PBXContainerItemProxy;
			containerPortal = 20B66A802C5EEE2F005F8DFA /* Project object */;
			proxyType = 1;
			remoteGlobalIDString = 20B66A872C5EEE2F005F8DFA;
			remoteInfo = AprendiendoSwiftUI;
		};
/* End PBXContainerItemProxy section */

/* Begin PBXFileReference section */
		205A907D2C6EF355001D9BB5 /* VentanaModals.swift */ = {isa = PBXFileReference; lastKnownFileType = sourcecode.swift; path = VentanaModals.swift; sourceTree = "<group>"; };
		205A907F2C6F0A4B001D9BB5 /* SegundaVista.swift */ = {isa = PBXFileReference; lastKnownFileType = sourcecode.swift; path = SegundaVista.swift; sourceTree = "<group>"; };
		205A90812C6F0C74001D9BB5 /* TercerVista.swift */ = {isa = PBXFileReference; lastKnownFileType = sourcecode.swift; path = TercerVista.swift; sourceTree = "<group>"; };
		20669AA72C73E40C00955254 /* Models.swift */ = {isa = PBXFileReference; lastKnownFileType = sourcecode.swift; path = Models.swift; sourceTree = "<group>"; };
		20669AA92C74042200955254 /* VistaDetalle.swift */ = {isa = PBXFileReference; lastKnownFileType = sourcecode.swift; path = VistaDetalle.swift; sourceTree = "<group>"; };
		20669AAB2C741E4400955254 /* GridsList.swift */ = {isa = PBXFileReference; lastKnownFileType = sourcecode.swift; path = GridsList.swift; sourceTree = "<group>"; };
		20B66A882C5EEE2F005F8DFA /* AprendiendoSwiftUI.app */ = {isa = PBXFileReference; explicitFileType = wrapper.application; includeInIndex = 0; path = AprendiendoSwiftUI.app; sourceTree = BUILT_PRODUCTS_DIR; };
		20B66A8B2C5EEE2F005F8DFA /* AprendiendoSwiftUIApp.swift */ = {isa = PBXFileReference; lastKnownFileType = sourcecode.swift; path = AprendiendoSwiftUIApp.swift; sourceTree = "<group>"; };
		20B66A8D2C5EEE2F005F8DFA /* ContentView.swift */ = {isa = PBXFileReference; lastKnownFileType = sourcecode.swift; path = ContentView.swift; sourceTree = "<group>"; };
		20B66A8F2C5EEE30005F8DFA /* Assets.xcassets */ = {isa = PBXFileReference; lastKnownFileType = folder.assetcatalog; path = Assets.xcassets; sourceTree = "<group>"; };
		20B66A922C5EEE30005F8DFA /* Preview Assets.xcassets */ = {isa = PBXFileReference; lastKnownFileType = folder.assetcatalog; path = "Preview Assets.xcassets"; sourceTree = "<group>"; };
		20B66A982C5EEE30005F8DFA /* AprendiendoSwiftUITests.xctest */ = {isa = PBXFileReference; explicitFileType = wrapper.cfbundle; includeInIndex = 0; path = AprendiendoSwiftUITests.xctest; sourceTree = BUILT_PRODUCTS_DIR; };
		20B66A9C2C5EEE30005F8DFA /* AprendiendoSwiftUITests.swift */ = {isa = PBXFileReference; lastKnownFileType = sourcecode.swift; path = AprendiendoSwiftUITests.swift; sourceTree = "<group>"; };
		20B66AA22C5EEE30005F8DFA /* AprendiendoSwiftUIUITests.xctest */ = {isa = PBXFileReference; explicitFileType = wrapper.cfbundle; includeInIndex = 0; path = AprendiendoSwiftUIUITests.xctest; sourceTree = BUILT_PRODUCTS_DIR; };
		20B66AA62C5EEE30005F8DFA /* AprendiendoSwiftUIUITests.swift */ = {isa = PBXFileReference; lastKnownFileType = sourcecode.swift; path = AprendiendoSwiftUIUITests.swift; sourceTree = "<group>"; };
		20B66AA82C5EEE30005F8DFA /* AprendiendoSwiftUIUITestsLaunchTests.swift */ = {isa = PBXFileReference; lastKnownFileType = sourcecode.swift; path = AprendiendoSwiftUIUITestsLaunchTests.swift; sourceTree = "<group>"; };
		20F0629E2C6FE320005F5B10 /* TabViewMain.swift */ = {isa = PBXFileReference; lastKnownFileType = sourcecode.swift; path = TabViewMain.swift; sourceTree = "<group>"; };
		20F062A02C6FE341005F5B10 /* Vista2.swift */ = {isa = PBXFileReference; lastKnownFileType = sourcecode.swift; path = Vista2.swift; sourceTree = "<group>"; };
/* End PBXFileReference section */

/* Begin PBXFrameworksBuildPhase section */
		20B66A852C5EEE2F005F8DFA /* Frameworks */ = {
			isa = PBXFrameworksBuildPhase;
			buildActionMask = 2147483647;
			files = (
			);
			runOnlyForDeploymentPostprocessing = 0;
		};
		20B66A952C5EEE30005F8DFA /* Frameworks */ = {
			isa = PBXFrameworksBuildPhase;
			buildActionMask = 2147483647;
			files = (
			);
			runOnlyForDeploymentPostprocessing = 0;
		};
		20B66A9F2C5EEE30005F8DFA /* Frameworks */ = {
			isa = PBXFrameworksBuildPhase;
			buildActionMask = 2147483647;
			files = (
			);
			runOnlyForDeploymentPostprocessing = 0;
		};
/* End PBXFrameworksBuildPhase section */

/* Begin PBXGroup section */
		20B66A7F2C5EEE2F005F8DFA = {
			isa = PBXGroup;
			children = (
				20B66A8A2C5EEE2F005F8DFA /* AprendiendoSwiftUI */,
				20B66A9B2C5EEE30005F8DFA /* AprendiendoSwiftUITests */,
				20B66AA52C5EEE30005F8DFA /* AprendiendoSwiftUIUITests */,
				20B66A892C5EEE2F005F8DFA /* Products */,
			);
			sourceTree = "<group>";
		};
		20B66A892C5EEE2F005F8DFA /* Products */ = {
			isa = PBXGroup;
			children = (
				20B66A882C5EEE2F005F8DFA /* AprendiendoSwiftUI.app */,
				20B66A982C5EEE30005F8DFA /* AprendiendoSwiftUITests.xctest */,
				20B66AA22C5EEE30005F8DFA /* AprendiendoSwiftUIUITests.xctest */,
			);
			name = Products;
			sourceTree = "<group>";
		};
		20B66A8A2C5EEE2F005F8DFA /* AprendiendoSwiftUI */ = {
			isa = PBXGroup;
			children = (
				20B66A8B2C5EEE2F005F8DFA /* AprendiendoSwiftUIApp.swift */,
				205A90812C6F0C74001D9BB5 /* TercerVista.swift */,
				205A907F2C6F0A4B001D9BB5 /* SegundaVista.swift */,
				20B66A8D2C5EEE2F005F8DFA /* ContentView.swift */,
				205A907D2C6EF355001D9BB5 /* VentanaModals.swift */,
				20F0629E2C6FE320005F5B10 /* TabViewMain.swift */,
				20F062A02C6FE341005F5B10 /* Vista2.swift */,
				20669AA72C73E40C00955254 /* Models.swift */,
				20669AA92C74042200955254 /* VistaDetalle.swift */,
				20669AAB2C741E4400955254 /* GridsList.swift */,
				20B66A8F2C5EEE30005F8DFA /* Assets.xcassets */,
				20B66A912C5EEE30005F8DFA /* Preview Content */,
			);
			path = AprendiendoSwiftUI;
			sourceTree = "<group>";
		};
		20B66A912C5EEE30005F8DFA /* Preview Content */ = {
			isa = PBXGroup;
			children = (
				20B66A922C5EEE30005F8DFA /* Preview Assets.xcassets */,
			);
			path = "Preview Content";
			sourceTree = "<group>";
		};
		20B66A9B2C5EEE30005F8DFA /* AprendiendoSwiftUITests */ = {
			isa = PBXGroup;
			children = (
				20B66A9C2C5EEE30005F8DFA /* AprendiendoSwiftUITests.swift */,
			);
			path = AprendiendoSwiftUITests;
			sourceTree = "<group>";
		};
		20B66AA52C5EEE30005F8DFA /* AprendiendoSwiftUIUITests */ = {
			isa = PBXGroup;
			children = (
				20B66AA62C5EEE30005F8DFA /* AprendiendoSwiftUIUITests.swift */,
				20B66AA82C5EEE30005F8DFA /* AprendiendoSwiftUIUITestsLaunchTests.swift */,
			);
			path = AprendiendoSwiftUIUITests;
			sourceTree = "<group>";
		};
/* End PBXGroup section */

/* Begin PBXNativeTarget section */
		20B66A872C5EEE2F005F8DFA /* AprendiendoSwiftUI */ = {
			isa = PBXNativeTarget;
			buildConfigurationList = 20B66AAC2C5EEE30005F8DFA /* Build configuration list for PBXNativeTarget "AprendiendoSwiftUI" */;
			buildPhases = (
				20B66A842C5EEE2F005F8DFA /* Sources */,
				20B66A852C5EEE2F005F8DFA /* Frameworks */,
				20B66A862C5EEE2F005F8DFA /* Resources */,
			);
			buildRules = (
			);
			dependencies = (
			);
			name = AprendiendoSwiftUI;
			productName = AprendiendoSwiftUI;
			productReference = 20B66A882C5EEE2F005F8DFA /* AprendiendoSwiftUI.app */;
			productType = "com.apple.product-type.application";
		};
		20B66A972C5EEE30005F8DFA /* AprendiendoSwiftUITests */ = {
			isa = PBXNativeTarget;
			buildConfigurationList = 20B66AAF2C5EEE30005F8DFA /* Build configuration list for PBXNativeTarget "AprendiendoSwiftUITests" */;
			buildPhases = (
				20B66A942C5EEE30005F8DFA /* Sources */,
				20B66A952C5EEE30005F8DFA /* Frameworks */,
				20B66A962C5EEE30005F8DFA /* Resources */,
			);
			buildRules = (
			);
			dependencies = (
				20B66A9A2C5EEE30005F8DFA /* PBXTargetDependency */,
			);
			name = AprendiendoSwiftUITests;
			productName = AprendiendoSwiftUITests;
			productReference = 20B66A982C5EEE30005F8DFA /* AprendiendoSwiftUITests.xctest */;
			productType = "com.apple.product-type.bundle.unit-test";
		};
		20B66AA12C5EEE30005F8DFA /* AprendiendoSwiftUIUITests */ = {
			isa = PBXNativeTarget;
			buildConfigurationList = 20B66AB22C5EEE30005F8DFA /* Build configuration list for PBXNativeTarget "AprendiendoSwiftUIUITests" */;
			buildPhases = (
				20B66A9E2C5EEE30005F8DFA /* Sources */,
				20B66A9F2C5EEE30005F8DFA /* Frameworks */,
				20B66AA02C5EEE30005F8DFA /* Resources */,
			);
			buildRules = (
			);
			dependencies = (
				20B66AA42C5EEE30005F8DFA /* PBXTargetDependency */,
			);
			name = AprendiendoSwiftUIUITests;
			productName = AprendiendoSwiftUIUITests;
			productReference = 20B66AA22C5EEE30005F8DFA /* AprendiendoSwiftUIUITests.xctest */;
			productType = "com.apple.product-type.bundle.ui-testing";
		};
/* End PBXNativeTarget section */

/* Begin PBXProject section */
		20B66A802C5EEE2F005F8DFA /* Project object */ = {
			isa = PBXProject;
			attributes = {
				BuildIndependentTargetsInParallel = 1;
				LastSwiftUpdateCheck = 1540;
				LastUpgradeCheck = 1540;
				TargetAttributes = {
					20B66A872C5EEE2F005F8DFA = {
						CreatedOnToolsVersion = 15.4;
					};
					20B66A972C5EEE30005F8DFA = {
						CreatedOnToolsVersion = 15.4;
						TestTargetID = 20B66A872C5EEE2F005F8DFA;
					};
					20B66AA12C5EEE30005F8DFA = {
						CreatedOnToolsVersion = 15.4;
						TestTargetID = 20B66A872C5EEE2F005F8DFA;
					};
				};
			};
			buildConfigurationList = 20B66A832C5EEE2F005F8DFA /* Build configuration list for PBXProject "AprendiendoSwiftUI" */;
			compatibilityVersion = "Xcode 14.0";
			developmentRegion = en;
			hasScannedForEncodings = 0;
			knownRegions = (
				en,
				Base,
			);
			mainGroup = 20B66A7F2C5EEE2F005F8DFA;
			productRefGroup = 20B66A892C5EEE2F005F8DFA /* Products */;
			projectDirPath = "";
			projectRoot = "";
			targets = (
				20B66A872C5EEE2F005F8DFA /* AprendiendoSwiftUI */,
				20B66A972C5EEE30005F8DFA /* AprendiendoSwiftUITests */,
				20B66AA12C5EEE30005F8DFA /* AprendiendoSwiftUIUITests */,
			);
		};
/* End PBXProject section */

/* Begin PBXResourcesBuildPhase section */
		20B66A862C5EEE2F005F8DFA /* Resources */ = {
			isa = PBXResourcesBuildPhase;
			buildActionMask = 2147483647;
			files = (
				20B66A932C5EEE30005F8DFA /* Preview Assets.xcassets in Resources */,
				20B66A902C5EEE30005F8DFA /* Assets.xcassets in Resources */,
			);
			runOnlyForDeploymentPostprocessing = 0;
		};
		20B66A962C5EEE30005F8DFA /* Resources */ = {
			isa = PBXResourcesBuildPhase;
			buildActionMask = 2147483647;
			files = (
			);
			runOnlyForDeploymentPostprocessing = 0;
		};
		20B66AA02C5EEE30005F8DFA /* Resources */ = {
			isa = PBXResourcesBuildPhase;
			buildActionMask = 2147483647;
			files = (
			);
			runOnlyForDeploymentPostprocessing = 0;
		};
/* End PBXResourcesBuildPhase section */

/* Begin PBXSourcesBuildPhase section */
		20B66A842C5EEE2F005F8DFA /* Sources */ = {
			isa = PBXSourcesBuildPhase;
			buildActionMask = 2147483647;
			files = (
				20B66A8E2C5EEE2F005F8DFA /* ContentView.swift in Sources */,
				20669AAC2C741E4400955254 /* GridsList.swift in Sources */,
				20B66A8C2C5EEE2F005F8DFA /* AprendiendoSwiftUIApp.swift in Sources */,
				205A90802C6F0A4B001D9BB5 /* SegundaVista.swift in Sources */,
				20669AA82C73E40C00955254 /* Models.swift in Sources */,
				205A907E2C6EF355001D9BB5 /* VentanaModals.swift in Sources */,
				205A90822C6F0C74001D9BB5 /* TercerVista.swift in Sources */,
				20F0629F2C6FE320005F5B10 /* TabViewMain.swift in Sources */,
				20669AAA2C74042200955254 /* VistaDetalle.swift in Sources */,
				20F062A12C6FE341005F5B10 /* Vista2.swift in Sources */,
			);
			runOnlyForDeploymentPostprocessing = 0;
		};
		20B66A942C5EEE30005F8DFA /* Sources */ = {
			isa = PBXSourcesBuildPhase;
			buildActionMask = 2147483647;
			files = (
				20B66A9D2C5EEE30005F8DFA /* AprendiendoSwiftUITests.swift in Sources */,
			);
			runOnlyForDeploymentPostprocessing = 0;
		};
		20B66A9E2C5EEE30005F8DFA /* Sources */ = {
			isa = PBXSourcesBuildPhase;
			buildActionMask = 2147483647;
			files = (
				20B66AA92C5EEE30005F8DFA /* AprendiendoSwiftUIUITestsLaunchTests.swift in Sources */,
				20B66AA72C5EEE30005F8DFA /* AprendiendoSwiftUIUITests.swift in Sources */,
			);
			runOnlyForDeploymentPostprocessing = 0;
		};
/* End PBXSourcesBuildPhase section */

/* Begin PBXTargetDependency section */
		20B66A9A2C5EEE30005F8DFA /* PBXTargetDependency */ = {
			isa = PBXTargetDependency;
			target = 20B66A872C5EEE2F005F8DFA /* AprendiendoSwiftUI */;
			targetProxy = 20B66A992C5EEE30005F8DFA /* PBXContainerItemProxy */;
		};
		20B66AA42C5EEE30005F8DFA /* PBXTargetDependency */ = {
			isa = PBXTargetDependency;
			target = 20B66A872C5EEE2F005F8DFA /* AprendiendoSwiftUI */;
			targetProxy = 20B66AA32C5EEE30005F8DFA /* PBXContainerItemProxy */;
		};
/* End PBXTargetDependency section */

/* Begin XCBuildConfiguration section */
		20B66AAA2C5EEE30005F8DFA /* Debug */ = {
			isa = XCBuildConfiguration;
			buildSettings = {
				ALWAYS_SEARCH_USER_PATHS = NO;
				ASSETCATALOG_COMPILER_GENERATE_SWIFT_ASSET_SYMBOL_EXTENSIONS = YES;
				CLANG_ANALYZER_NONNULL = YES;
				CLANG_ANALYZER_NUMBER_OBJECT_CONVERSION = YES_AGGRESSIVE;
				CLANG_CXX_LANGUAGE_STANDARD = "gnu++20";
				CLANG_ENABLE_MODULES = YES;
				CLANG_ENABLE_OBJC_ARC = YES;
				CLANG_ENABLE_OBJC_WEAK = YES;
				CLANG_WARN_BLOCK_CAPTURE_AUTORELEASING = YES;
				CLANG_WARN_BOOL_CONVERSION = YES;
				CLANG_WARN_COMMA = YES;
				CLANG_WARN_CONSTANT_CONVERSION = YES;
				CLANG_WARN_DEPRECATED_OBJC_IMPLEMENTATIONS = YES;
				CLANG_WARN_DIRECT_OBJC_ISA_USAGE = YES_ERROR;
				CLANG_WARN_DOCUMENTATION_COMMENTS = YES;
				CLANG_WARN_EMPTY_BODY = YES;
				CLANG_WARN_ENUM_CONVERSION = YES;
				CLANG_WARN_INFINITE_RECURSION = YES;
				CLANG_WARN_INT_CONVERSION = YES;
				CLANG_WARN_NON_LITERAL_NULL_CONVERSION = YES;
				CLANG_WARN_OBJC_IMPLICIT_RETAIN_SELF = YES;
				CLANG_WARN_OBJC_LITERAL_CONVERSION = YES;
				CLANG_WARN_OBJC_ROOT_CLASS = YES_ERROR;
				CLANG_WARN_QUOTED_INCLUDE_IN_FRAMEWORK_HEADER = YES;
				CLANG_WARN_RANGE_LOOP_ANALYSIS = YES;
				CLANG_WARN_STRICT_PROTOTYPES = YES;
				CLANG_WARN_SUSPICIOUS_MOVE = YES;
				CLANG_WARN_UNGUARDED_AVAILABILITY = YES_AGGRESSIVE;
				CLANG_WARN_UNREACHABLE_CODE = YES;
				CLANG_WARN__DUPLICATE_METHOD_MATCH = YES;
				COPY_PHASE_STRIP = NO;
				DEBUG_INFORMATION_FORMAT = dwarf;
				ENABLE_STRICT_OBJC_MSGSEND = YES;
				ENABLE_TESTABILITY = YES;
				ENABLE_USER_SCRIPT_SANDBOXING = YES;
				GCC_C_LANGUAGE_STANDARD = gnu17;
				GCC_DYNAMIC_NO_PIC = NO;
				GCC_NO_COMMON_BLOCKS = YES;
				GCC_OPTIMIZATION_LEVEL = 0;
				GCC_PREPROCESSOR_DEFINITIONS = (
					"DEBUG=1",
					"$(inherited)",
				);
				GCC_WARN_64_TO_32_BIT_CONVERSION = YES;
				GCC_WARN_ABOUT_RETURN_TYPE = YES_ERROR;
				GCC_WARN_UNDECLARED_SELECTOR = YES;
				GCC_WARN_UNINITIALIZED_AUTOS = YES_AGGRESSIVE;
				GCC_WARN_UNUSED_FUNCTION = YES;
				GCC_WARN_UNUSED_VARIABLE = YES;
				IPHONEOS_DEPLOYMENT_TARGET = 17.5;
				LOCALIZATION_PREFERS_STRING_CATALOGS = YES;
				MTL_ENABLE_DEBUG_INFO = INCLUDE_SOURCE;
				MTL_FAST_MATH = YES;
				ONLY_ACTIVE_ARCH = YES;
				SDKROOT = iphoneos;
				SWIFT_ACTIVE_COMPILATION_CONDITIONS = "DEBUG $(inherited)";
				SWIFT_OPTIMIZATION_LEVEL = "-Onone";
			};
			name = Debug;
		};
		20B66AAB2C5EEE30005F8DFA /* Release */ = {
			isa = XCBuildConfiguration;
			buildSettings = {
				ALWAYS_SEARCH_USER_PATHS = NO;
				ASSETCATALOG_COMPILER_GENERATE_SWIFT_ASSET_SYMBOL_EXTENSIONS = YES;
				CLANG_ANALYZER_NONNULL = YES;
				CLANG_ANALYZER_NUMBER_OBJECT_CONVERSION = YES_AGGRESSIVE;
				CLANG_CXX_LANGUAGE_STANDARD = "gnu++20";
				CLANG_ENABLE_MODULES = YES;
				CLANG_ENABLE_OBJC_ARC = YES;
				CLANG_ENABLE_OBJC_WEAK = YES;
				CLANG_WARN_BLOCK_CAPTURE_AUTORELEASING = YES;
				CLANG_WARN_BOOL_CONVERSION = YES;
				CLANG_WARN_COMMA = YES;
				CLANG_WARN_CONSTANT_CONVERSION = YES;
				CLANG_WARN_DEPRECATED_OBJC_IMPLEMENTATIONS = YES;
				CLANG_WARN_DIRECT_OBJC_ISA_USAGE = YES_ERROR;
				CLANG_WARN_DOCUMENTATION_COMMENTS = YES;
				CLANG_WARN_EMPTY_BODY = YES;
				CLANG_WARN_ENUM_CONVERSION = YES;
				CLANG_WARN_INFINITE_RECURSION = YES;
				CLANG_WARN_INT_CONVERSION = YES;
				CLANG_WARN_NON_LITERAL_NULL_CONVERSION = YES;
				CLANG_WARN_OBJC_IMPLICIT_RETAIN_SELF = YES;
				CLANG_WARN_OBJC_LITERAL_CONVERSION = YES;
				CLANG_WARN_OBJC_ROOT_CLASS = YES_ERROR;
				CLANG_WARN_QUOTED_INCLUDE_IN_FRAMEWORK_HEADER = YES;
				CLANG_WARN_RANGE_LOOP_ANALYSIS = YES;
				CLANG_WARN_STRICT_PROTOTYPES = YES;
				CLANG_WARN_SUSPICIOUS_MOVE = YES;
				CLANG_WARN_UNGUARDED_AVAILABILITY = YES_AGGRESSIVE;
				CLANG_WARN_UNREACHABLE_CODE = YES;
				CLANG_WARN__DUPLICATE_METHOD_MATCH = YES;
				COPY_PHASE_STRIP = NO;
				DEBUG_INFORMATION_FORMAT = "dwarf-with-dsym";
				ENABLE_NS_ASSERTIONS = NO;
				ENABLE_STRICT_OBJC_MSGSEND = YES;
				ENABLE_USER_SCRIPT_SANDBOXING = YES;
				GCC_C_LANGUAGE_STANDARD = gnu17;
				GCC_NO_COMMON_BLOCKS = YES;
				GCC_WARN_64_TO_32_BIT_CONVERSION = YES;
				GCC_WARN_ABOUT_RETURN_TYPE = YES_ERROR;
				GCC_WARN_UNDECLARED_SELECTOR = YES;
				GCC_WARN_UNINITIALIZED_AUTOS = YES_AGGRESSIVE;
				GCC_WARN_UNUSED_FUNCTION = YES;
				GCC_WARN_UNUSED_VARIABLE = YES;
				IPHONEOS_DEPLOYMENT_TARGET = 17.5;
				LOCALIZATION_PREFERS_STRING_CATALOGS = YES;
				MTL_ENABLE_DEBUG_INFO = NO;
				MTL_FAST_MATH = YES;
				SDKROOT = iphoneos;
				SWIFT_COMPILATION_MODE = wholemodule;
				VALIDATE_PRODUCT = YES;
			};
			name = Release;
		};
		20B66AAD2C5EEE30005F8DFA /* Debug */ = {
			isa = XCBuildConfiguration;
			buildSettings = {
				ASSETCATALOG_COMPILER_APPICON_NAME = AppIcon;
				ASSETCATALOG_COMPILER_GLOBAL_ACCENT_COLOR_NAME = AccentColor;
				CODE_SIGN_STYLE = Automatic;
				CURRENT_PROJECT_VERSION = 1;
				DEVELOPMENT_ASSET_PATHS = "\"AprendiendoSwiftUI/Preview Content\"";
				ENABLE_PREVIEWS = YES;
				GENERATE_INFOPLIST_FILE = YES;
				INFOPLIST_KEY_UIApplicationSceneManifest_Generation = YES;
				INFOPLIST_KEY_UIApplicationSupportsIndirectInputEvents = YES;
				INFOPLIST_KEY_UILaunchScreen_Generation = YES;
				INFOPLIST_KEY_UIStatusBarStyle = "";
				INFOPLIST_KEY_UISupportedInterfaceOrientations_iPad = "UIInterfaceOrientationPortrait UIInterfaceOrientationPortraitUpsideDown UIInterfaceOrientationLandscapeLeft UIInterfaceOrientationLandscapeRight";
				INFOPLIST_KEY_UISupportedInterfaceOrientations_iPhone = "UIInterfaceOrientationPortrait UIInterfaceOrientationLandscapeLeft UIInterfaceOrientationLandscapeRight";
				IPHONEOS_DEPLOYMENT_TARGET = 16.0;
				LD_RUNPATH_SEARCH_PATHS = (
					"$(inherited)",
					"@executable_path/Frameworks",
				);
				MARKETING_VERSION = 1.0;
				PRODUCT_BUNDLE_IDENTIFIER = com.belkis.AprendiendoSwiftUI;
				PRODUCT_NAME = "$(TARGET_NAME)";
				SWIFT_EMIT_LOC_STRINGS = YES;
				SWIFT_VERSION = 5.0;
				TARGETED_DEVICE_FAMILY = "1,2";
			};
			name = Debug;
		};
		20B66AAE2C5EEE30005F8DFA /* Release */ = {
			isa = XCBuildConfiguration;
			buildSettings = {
				ASSETCATALOG_COMPILER_APPICON_NAME = AppIcon;
				ASSETCATALOG_COMPILER_GLOBAL_ACCENT_COLOR_NAME = AccentColor;
				CODE_SIGN_STYLE = Automatic;
				CURRENT_PROJECT_VERSION = 1;
				DEVELOPMENT_ASSET_PATHS = "\"AprendiendoSwiftUI/Preview Content\"";
				ENABLE_PREVIEWS = YES;
				GENERATE_INFOPLIST_FILE = YES;
				INFOPLIST_KEY_UIApplicationSceneManifest_Generation = YES;
				INFOPLIST_KEY_UIApplicationSupportsIndirectInputEvents = YES;
				INFOPLIST_KEY_UILaunchScreen_Generation = YES;
				INFOPLIST_KEY_UIStatusBarStyle = "";
				INFOPLIST_KEY_UISupportedInterfaceOrientations_iPad = "UIInterfaceOrientationPortrait UIInterfaceOrientationPortraitUpsideDown UIInterfaceOrientationLandscapeLeft UIInterfaceOrientationLandscapeRight";
				INFOPLIST_KEY_UISupportedInterfaceOrientations_iPhone = "UIInterfaceOrientationPortrait UIInterfaceOrientationLandscapeLeft UIInterfaceOrientationLandscapeRight";
				IPHONEOS_DEPLOYMENT_TARGET = 16.0;
				LD_RUNPATH_SEARCH_PATHS = (
					"$(inherited)",
					"@executable_path/Frameworks",
				);
				MARKETING_VERSION = 1.0;
				PRODUCT_BUNDLE_IDENTIFIER = com.belkis.AprendiendoSwiftUI;
				PRODUCT_NAME = "$(TARGET_NAME)";
				SWIFT_EMIT_LOC_STRINGS = YES;
				SWIFT_VERSION = 5.0;
				TARGETED_DEVICE_FAMILY = "1,2";
			};
			name = Release;
		};
		20B66AB02C5EEE30005F8DFA /* Debug */ = {
			isa = XCBuildConfiguration;
			buildSettings = {
				ALWAYS_EMBED_SWIFT_STANDARD_LIBRARIES = YES;
				BUNDLE_LOADER = "$(TEST_HOST)";
				CODE_SIGN_STYLE = Automatic;
				CURRENT_PROJECT_VERSION = 1;
				GENERATE_INFOPLIST_FILE = YES;
				IPHONEOS_DEPLOYMENT_TARGET = 17.5;
				MARKETING_VERSION = 1.0;
				PRODUCT_BUNDLE_IDENTIFIER = com.belkis.AprendiendoSwiftUITests;
				PRODUCT_NAME = "$(TARGET_NAME)";
				SWIFT_EMIT_LOC_STRINGS = NO;
				SWIFT_VERSION = 5.0;
				TARGETED_DEVICE_FAMILY = "1,2";
				TEST_HOST = "$(BUILT_PRODUCTS_DIR)/AprendiendoSwiftUI.app/$(BUNDLE_EXECUTABLE_FOLDER_PATH)/AprendiendoSwiftUI";
			};
			name = Debug;
		};
		20B66AB12C5EEE30005F8DFA /* Release */ = {
			isa = XCBuildConfiguration;
			buildSettings = {
				ALWAYS_EMBED_SWIFT_STANDARD_LIBRARIES = YES;
				BUNDLE_LOADER = "$(TEST_HOST)";
				CODE_SIGN_STYLE = Automatic;
				CURRENT_PROJECT_VERSION = 1;
				GENERATE_INFOPLIST_FILE = YES;
				IPHONEOS_DEPLOYMENT_TARGET = 17.5;
				MARKETING_VERSION = 1.0;
				PRODUCT_BUNDLE_IDENTIFIER = com.belkis.AprendiendoSwiftUITests;
				PRODUCT_NAME = "$(TARGET_NAME)";
				SWIFT_EMIT_LOC_STRINGS = NO;
				SWIFT_VERSION = 5.0;
				TARGETED_DEVICE_FAMILY = "1,2";
				TEST_HOST = "$(BUILT_PRODUCTS_DIR)/AprendiendoSwiftUI.app/$(BUNDLE_EXECUTABLE_FOLDER_PATH)/AprendiendoSwiftUI";
			};
			name = Release;
		};
		20B66AB32C5EEE30005F8DFA /* Debug */ = {
			isa = XCBuildConfiguration;
			buildSettings = {
				ALWAYS_EMBED_SWIFT_STANDARD_LIBRARIES = YES;
				CODE_SIGN_STYLE = Automatic;
				CURRENT_PROJECT_VERSION = 1;
				GENERATE_INFOPLIST_FILE = YES;
				MARKETING_VERSION = 1.0;
				PRODUCT_BUNDLE_IDENTIFIER = com.belkis.AprendiendoSwiftUIUITests;
				PRODUCT_NAME = "$(TARGET_NAME)";
				SWIFT_EMIT_LOC_STRINGS = NO;
				SWIFT_VERSION = 5.0;
				TARGETED_DEVICE_FAMILY = "1,2";
				TEST_TARGET_NAME = AprendiendoSwiftUI;
			};
			name = Debug;
		};
		20B66AB42C5EEE30005F8DFA /* Release */ = {
			isa = XCBuildConfiguration;
			buildSettings = {
				ALWAYS_EMBED_SWIFT_STANDARD_LIBRARIES = YES;
				CODE_SIGN_STYLE = Automatic;
				CURRENT_PROJECT_VERSION = 1;
				GENERATE_INFOPLIST_FILE = YES;
				MARKETING_VERSION = 1.0;
				PRODUCT_BUNDLE_IDENTIFIER = com.belkis.AprendiendoSwiftUIUITests;
				PRODUCT_NAME = "$(TARGET_NAME)";
				SWIFT_EMIT_LOC_STRINGS = NO;
				SWIFT_VERSION = 5.0;
				TARGETED_DEVICE_FAMILY = "1,2";
				TEST_TARGET_NAME = AprendiendoSwiftUI;
			};
			name = Release;
		};
/* End XCBuildConfiguration section */

/* Begin XCConfigurationList section */
		20B66A832C5EEE2F005F8DFA /* Build configuration list for PBXProject "AprendiendoSwiftUI" */ = {
			isa = XCConfigurationList;
			buildConfigurations = (
				20B66AAA2C5EEE30005F8DFA /* Debug */,
				20B66AAB2C5EEE30005F8DFA /* Release */,
			);
			defaultConfigurationIsVisible = 0;
			defaultConfigurationName = Release;
		};
		20B66AAC2C5EEE30005F8DFA /* Build configuration list for PBXNativeTarget "AprendiendoSwiftUI" */ = {
			isa = XCConfigurationList;
			buildConfigurations = (
				20B66AAD2C5EEE30005F8DFA /* Debug */,
				20B66AAE2C5EEE30005F8DFA /* Release */,
			);
			defaultConfigurationIsVisible = 0;
			defaultConfigurationName = Release;
		};
		20B66AAF2C5EEE30005F8DFA /* Build configuration list for PBXNativeTarget "AprendiendoSwiftUITests" */ = {
			isa = XCConfigurationList;
			buildConfigurations = (
				20B66AB02C5EEE30005F8DFA /* Debug */,
				20B66AB12C5EEE30005F8DFA /* Release */,
			);
			defaultConfigurationIsVisible = 0;
			defaultConfigurationName = Release;
		};
		20B66AB22C5EEE30005F8DFA /* Build configuration list for PBXNativeTarget "AprendiendoSwiftUIUITests" */ = {
			isa = XCConfigurationList;
			buildConfigurations = (
				20B66AB32C5EEE30005F8DFA /* Debug */,
				20B66AB42C5EEE30005F8DFA /* Release */,
			);
			defaultConfigurationIsVisible = 0;
			defaultConfigurationName = Release;
		};
/* End XCConfigurationList section */
	};
	rootObject = 20B66A802C5EEE2F005F8DFA /* Project object */;
}
